{
  "nodes": {
    "crane": {
      "locked": {
        "lastModified": 1745454774,
        "narHash": "sha256-oLvmxOnsEKGtwczxp/CwhrfmQUG2ym24OMWowcoRhH8=",
        "owner": "ipetkov",
        "repo": "crane",
        "rev": "efd36682371678e2b6da3f108fdb5c613b3ec598",
        "type": "github"
      },
      "original": {
        "owner": "ipetkov",
        "repo": "crane",
        "type": "github"
      }
    },
    "crane_2": {
      "locked": {
        "lastModified": 1745454774,
        "narHash": "sha256-oLvmxOnsEKGtwczxp/CwhrfmQUG2ym24OMWowcoRhH8=",
        "owner": "ipetkov",
        "repo": "crane",
        "rev": "efd36682371678e2b6da3f108fdb5c613b3ec598",
        "type": "github"
      },
      "original": {
        "owner": "ipetkov",
        "repo": "crane",
        "type": "github"
      }
    },
    "crane_3": {
      "locked": {
        "lastModified": 1745454774,
        "narHash": "sha256-oLvmxOnsEKGtwczxp/CwhrfmQUG2ym24OMWowcoRhH8=",
        "owner": "ipetkov",
        "repo": "crane",
        "rev": "efd36682371678e2b6da3f108fdb5c613b3ec598",
        "type": "github"
      },
      "original": {
        "owner": "ipetkov",
        "repo": "crane",
        "type": "github"
      }
    },
    "crane_4": {
      "locked": {
        "lastModified": 1745454774,
        "narHash": "sha256-oLvmxOnsEKGtwczxp/CwhrfmQUG2ym24OMWowcoRhH8=",
        "owner": "ipetkov",
        "repo": "crane",
        "rev": "efd36682371678e2b6da3f108fdb5c613b3ec598",
        "type": "github"
      },
      "original": {
        "owner": "ipetkov",
        "repo": "crane",
        "type": "github"
      }
    },
    "crane_5": {
      "locked": {
        "lastModified": 1745454774,
        "narHash": "sha256-oLvmxOnsEKGtwczxp/CwhrfmQUG2ym24OMWowcoRhH8=",
        "owner": "ipetkov",
        "repo": "crane",
        "rev": "efd36682371678e2b6da3f108fdb5c613b3ec598",
        "type": "github"
      },
      "original": {
        "owner": "ipetkov",
        "repo": "crane",
        "type": "github"
      }
    },
    "flake-parts": {
      "inputs": {
        "nixpkgs-lib": "nixpkgs-lib"
      },
      "locked": {
        "lastModified": 1743550720,
        "narHash": "sha256-hIshGgKZCgWh6AYJpJmRgFdR3WUbkY04o82X05xqQiY=",
        "owner": "hercules-ci",
        "repo": "flake-parts",
        "rev": "c621e8422220273271f52058f618c94e405bb0f5",
        "type": "github"
      },
      "original": {
        "owner": "hercules-ci",
        "repo": "flake-parts",
        "type": "github"
      }
    },
    "flake-parts_2": {
      "inputs": {
        "nixpkgs-lib": "nixpkgs-lib_2"
      },
      "locked": {
        "lastModified": 1743550720,
        "narHash": "sha256-hIshGgKZCgWh6AYJpJmRgFdR3WUbkY04o82X05xqQiY=",
        "owner": "hercules-ci",
        "repo": "flake-parts",
        "rev": "c621e8422220273271f52058f618c94e405bb0f5",
        "type": "github"
      },
      "original": {
        "owner": "hercules-ci",
        "repo": "flake-parts",
        "type": "github"
      }
    },
    "flake-parts_3": {
      "inputs": {
        "nixpkgs-lib": "nixpkgs-lib_3"
      },
      "locked": {
        "lastModified": 1743550720,
        "narHash": "sha256-hIshGgKZCgWh6AYJpJmRgFdR3WUbkY04o82X05xqQiY=",
        "owner": "hercules-ci",
        "repo": "flake-parts",
        "rev": "c621e8422220273271f52058f618c94e405bb0f5",
        "type": "github"
      },
      "original": {
        "owner": "hercules-ci",
        "repo": "flake-parts",
        "type": "github"
      }
    },
    "flake-parts_4": {
      "inputs": {
        "nixpkgs-lib": "nixpkgs-lib_4"
      },
      "locked": {
        "lastModified": 1743550720,
        "narHash": "sha256-hIshGgKZCgWh6AYJpJmRgFdR3WUbkY04o82X05xqQiY=",
        "owner": "hercules-ci",
        "repo": "flake-parts",
        "rev": "c621e8422220273271f52058f618c94e405bb0f5",
        "type": "github"
      },
      "original": {
        "owner": "hercules-ci",
        "repo": "flake-parts",
        "type": "github"
      }
    },
    "flake-parts_5": {
      "inputs": {
        "nixpkgs-lib": "nixpkgs-lib_5"
      },
      "locked": {
        "lastModified": 1743550720,
        "narHash": "sha256-hIshGgKZCgWh6AYJpJmRgFdR3WUbkY04o82X05xqQiY=",
        "owner": "hercules-ci",
        "repo": "flake-parts",
        "rev": "c621e8422220273271f52058f618c94e405bb0f5",
        "type": "github"
      },
      "original": {
        "owner": "hercules-ci",
        "repo": "flake-parts",
        "type": "github"
      }
    },
    "gonixpkgs": {
      "locked": {
        "lastModified": 1735563628,
        "narHash": "sha256-OnSAY7XDSx7CtDoqNh8jwVwh4xNL/2HaJxGjryLWzX8=",
        "owner": "nixos",
        "repo": "nixpkgs",
        "rev": "b134951a4c9f3c995fd7be05f3243f8ecd65d798",
        "type": "github"
      },
      "original": {
        "owner": "nixos",
        "ref": "nixos-24.05",
        "repo": "nixpkgs",
        "type": "github"
      }
    },
    "hc-launch": {
      "flake": false,
      "locked": {
        "lastModified": 1745512267,
        "narHash": "sha256-oVXdsyVJQ/LAwrgaPXN2B9ixW8KpKXoR+kq51hDxp6o=",
        "owner": "holochain",
        "repo": "hc-launch",
        "rev": "ef3b8fa222a81711351dc913c7d166564f03112c",
        "type": "github"
      },
      "original": {
        "owner": "holochain",
        "ref": "holochain-0.5",
        "repo": "hc-launch",
        "type": "github"
      }
    },
    "hc-launch_2": {
      "flake": false,
      "locked": {
        "lastModified": 1745512267,
        "narHash": "sha256-oVXdsyVJQ/LAwrgaPXN2B9ixW8KpKXoR+kq51hDxp6o=",
        "owner": "holochain",
        "repo": "hc-launch",
        "rev": "ef3b8fa222a81711351dc913c7d166564f03112c",
        "type": "github"
      },
      "original": {
        "owner": "holochain",
        "ref": "holochain-0.5",
        "repo": "hc-launch",
        "type": "github"
      }
    },
    "hc-launch_3": {
      "flake": false,
      "locked": {
        "lastModified": 1745512267,
        "narHash": "sha256-oVXdsyVJQ/LAwrgaPXN2B9ixW8KpKXoR+kq51hDxp6o=",
        "owner": "holochain",
        "repo": "hc-launch",
        "rev": "ef3b8fa222a81711351dc913c7d166564f03112c",
        "type": "github"
      },
      "original": {
        "owner": "holochain",
        "ref": "holochain-0.5",
        "repo": "hc-launch",
        "type": "github"
      }
    },
    "hc-launch_4": {
      "flake": false,
      "locked": {
        "lastModified": 1745512267,
        "narHash": "sha256-oVXdsyVJQ/LAwrgaPXN2B9ixW8KpKXoR+kq51hDxp6o=",
        "owner": "holochain",
        "repo": "hc-launch",
        "rev": "ef3b8fa222a81711351dc913c7d166564f03112c",
        "type": "github"
      },
      "original": {
        "owner": "holochain",
        "ref": "holochain-0.5",
        "repo": "hc-launch",
        "type": "github"
      }
    },
    "hc-launch_5": {
      "flake": false,
      "locked": {
        "lastModified": 1745512267,
        "narHash": "sha256-oVXdsyVJQ/LAwrgaPXN2B9ixW8KpKXoR+kq51hDxp6o=",
        "owner": "holochain",
        "repo": "hc-launch",
        "rev": "ef3b8fa222a81711351dc913c7d166564f03112c",
        "type": "github"
      },
      "original": {
        "owner": "holochain",
        "ref": "holochain-0.5",
        "repo": "hc-launch",
        "type": "github"
      }
    },
    "hc-scaffold": {
      "flake": false,
      "locked": {
        "lastModified": 1743758995,
        "narHash": "sha256-TW5f8o3uJCf+WgPqoo676rmyGtAtUK888TnSyprK3lQ=",
        "owner": "holochain",
        "repo": "scaffolding",
        "rev": "fad2c951aa43b0a340de7cfa6149c5853e45c325",
        "type": "github"
      },
      "original": {
        "owner": "holochain",
        "ref": "holochain-0.5",
        "repo": "scaffolding",
        "type": "github"
      }
    },
    "hc-scaffold_2": {
      "flake": false,
      "locked": {
        "lastModified": 1743758995,
        "narHash": "sha256-TW5f8o3uJCf+WgPqoo676rmyGtAtUK888TnSyprK3lQ=",
        "owner": "holochain",
        "repo": "scaffolding",
        "rev": "fad2c951aa43b0a340de7cfa6149c5853e45c325",
        "type": "github"
      },
      "original": {
        "owner": "holochain",
        "ref": "holochain-0.5",
        "repo": "scaffolding",
        "type": "github"
      }
    },
    "hc-scaffold_3": {
      "flake": false,
      "locked": {
        "lastModified": 1743758995,
        "narHash": "sha256-TW5f8o3uJCf+WgPqoo676rmyGtAtUK888TnSyprK3lQ=",
        "owner": "holochain",
        "repo": "scaffolding",
        "rev": "fad2c951aa43b0a340de7cfa6149c5853e45c325",
        "type": "github"
      },
      "original": {
        "owner": "holochain",
        "ref": "holochain-0.5",
        "repo": "scaffolding",
        "type": "github"
      }
    },
    "hc-scaffold_4": {
      "flake": false,
      "locked": {
        "lastModified": 1743758995,
        "narHash": "sha256-TW5f8o3uJCf+WgPqoo676rmyGtAtUK888TnSyprK3lQ=",
        "owner": "holochain",
        "repo": "scaffolding",
        "rev": "fad2c951aa43b0a340de7cfa6149c5853e45c325",
        "type": "github"
      },
      "original": {
        "owner": "holochain",
        "ref": "holochain-0.5",
        "repo": "scaffolding",
        "type": "github"
      }
    },
    "hc-scaffold_5": {
      "flake": false,
      "locked": {
        "lastModified": 1745582453,
        "narHash": "sha256-DYyXdH8wq+zRRIFR940+1pEjbbLu8zgNv/2Qkd2fLq8=",
        "owner": "holochain",
        "repo": "scaffolding",
        "rev": "2c1ef8b57702eb84281353b1049ab0b431f09eed",
        "type": "github"
      },
      "original": {
        "owner": "holochain",
        "ref": "chore/bump-to-0.5.0-dev.22",
        "repo": "scaffolding",
        "type": "github"
      }
    },
    "holochain": {
      "flake": false,
      "locked": {
        "lastModified": 1745503820,
        "narHash": "sha256-EmV7QpUrJq/8RJg63nah1MMpQ5fRZSBI8AioCNGb1M8=",
        "owner": "holochain",
        "repo": "holochain",
        "rev": "6878bd2a8cdd03954a6ee954d76c1c4675fd8af9",
        "type": "github"
      },
      "original": {
        "owner": "holochain",
        "ref": "holochain-0.5.1",
        "repo": "holochain",
        "type": "github"
      }
    },
    "holochain-nix-builders": {
      "inputs": {
        "crane": [
          "p2p-shipyard",
          "holochain-nix-builders",
          "holonix",
          "crane"
        ],
        "holonix": "holonix_2",
        "nixpkgs": [
          "p2p-shipyard",
          "holochain-nix-builders",
          "holonix",
          "nixpkgs"
        ],
        "rust-overlay": [
          "p2p-shipyard",
          "holochain-nix-builders",
          "holonix",
          "rust-overlay"
        ]
      },
      "locked": {
        "lastModified": 1746438119,
        "narHash": "sha256-ZDGBAJYqXaZi84pGxYwX/G7wUJke+pBiF/YqOmQcoAo=",
        "owner": "darksoil-studio",
        "repo": "holochain-nix-builders",
        "rev": "e3fb5df90e5931de572e5a7658e85516b60c11ea",
        "type": "github"
      },
      "original": {
        "owner": "darksoil-studio",
        "ref": "main-0.5",
        "repo": "holochain-nix-builders",
        "type": "github"
      }
    },
    "holochain-nix-builders_2": {
      "inputs": {
        "crane": [
          "p2p-shipyard",
          "scaffolding",
          "holochain-nix-builders",
          "holonix",
          "crane"
        ],
        "holonix": "holonix_4",
        "nixpkgs": [
          "p2p-shipyard",
          "scaffolding",
          "holochain-nix-builders",
          "holonix",
          "nixpkgs"
        ],
        "rust-overlay": [
          "p2p-shipyard",
          "scaffolding",
          "holochain-nix-builders",
          "holonix",
          "rust-overlay"
        ]
      },
      "locked": {
        "lastModified": 1745579676,
        "narHash": "sha256-nU1DuIrx3Pc5mIJwt87ZsQEIaqClLSiZ26qdzEnyeIk=",
        "owner": "darksoil-studio",
        "repo": "holochain-nix-builders",
        "rev": "22b9241737ee07dff0fe668346762fd5dc82bf55",
        "type": "github"
      },
      "original": {
        "owner": "darksoil-studio",
        "ref": "main-0.5",
        "repo": "holochain-nix-builders",
        "type": "github"
      }
    },
    "holochain_2": {
      "flake": false,
      "locked": {
        "lastModified": 1745503820,
        "narHash": "sha256-EmV7QpUrJq/8RJg63nah1MMpQ5fRZSBI8AioCNGb1M8=",
        "owner": "holochain",
        "repo": "holochain",
        "rev": "6878bd2a8cdd03954a6ee954d76c1c4675fd8af9",
        "type": "github"
      },
      "original": {
        "owner": "holochain",
        "ref": "holochain-0.5.1",
        "repo": "holochain",
        "type": "github"
      }
    },
    "holochain_3": {
      "flake": false,
      "locked": {
        "lastModified": 1745503820,
        "narHash": "sha256-EmV7QpUrJq/8RJg63nah1MMpQ5fRZSBI8AioCNGb1M8=",
        "owner": "holochain",
        "repo": "holochain",
        "rev": "6878bd2a8cdd03954a6ee954d76c1c4675fd8af9",
        "type": "github"
      },
      "original": {
        "owner": "holochain",
        "ref": "holochain-0.5.1",
        "repo": "holochain",
        "type": "github"
      }
    },
    "holochain_4": {
      "flake": false,
      "locked": {
        "lastModified": 1745503820,
        "narHash": "sha256-EmV7QpUrJq/8RJg63nah1MMpQ5fRZSBI8AioCNGb1M8=",
        "owner": "holochain",
        "repo": "holochain",
        "rev": "6878bd2a8cdd03954a6ee954d76c1c4675fd8af9",
        "type": "github"
      },
      "original": {
        "owner": "holochain",
        "ref": "holochain-0.5.1",
        "repo": "holochain",
        "type": "github"
      }
    },
    "holochain_5": {
      "flake": false,
      "locked": {
        "lastModified": 1745503820,
        "narHash": "sha256-EmV7QpUrJq/8RJg63nah1MMpQ5fRZSBI8AioCNGb1M8=",
        "owner": "holochain",
        "repo": "holochain",
        "rev": "6878bd2a8cdd03954a6ee954d76c1c4675fd8af9",
        "type": "github"
      },
      "original": {
        "owner": "holochain",
        "ref": "holochain-0.5.1",
        "repo": "holochain",
        "type": "github"
      }
    },
    "holonix": {
      "inputs": {
        "crane": "crane",
        "flake-parts": "flake-parts",
        "hc-launch": "hc-launch",
        "hc-scaffold": "hc-scaffold",
        "holochain": "holochain",
        "kitsune2": "kitsune2",
        "lair-keystore": "lair-keystore",
        "nixpkgs": "nixpkgs",
        "rust-overlay": "rust-overlay"
      },
      "locked": {
        "lastModified": 1745528400,
        "narHash": "sha256-ib7J80DCrkpHJURr6tzCFNvd1r1AGLmIcXRE2KgPlZ8=",
        "owner": "holochain",
        "repo": "holonix",
        "rev": "e58130a30f056d17c585e660dc5ee6ff9be19b73",
        "type": "github"
      },
      "original": {
        "owner": "holochain",
        "ref": "main-0.5",
        "repo": "holonix",
        "type": "github"
      }
    },
    "holonix_2": {
      "inputs": {
        "crane": "crane_2",
        "flake-parts": "flake-parts_2",
        "hc-launch": "hc-launch_2",
        "hc-scaffold": "hc-scaffold_2",
        "holochain": "holochain_2",
        "kitsune2": "kitsune2_2",
        "lair-keystore": "lair-keystore_2",
        "nixpkgs": "nixpkgs_2",
        "rust-overlay": "rust-overlay_2"
      },
      "locked": {
        "lastModified": 1745528400,
        "narHash": "sha256-ib7J80DCrkpHJURr6tzCFNvd1r1AGLmIcXRE2KgPlZ8=",
        "owner": "holochain",
        "repo": "holonix",
        "rev": "e58130a30f056d17c585e660dc5ee6ff9be19b73",
        "type": "github"
      },
      "original": {
        "owner": "holochain",
        "ref": "main-0.5",
        "repo": "holonix",
        "type": "github"
      }
    },
    "holonix_3": {
      "inputs": {
        "crane": "crane_3",
        "flake-parts": "flake-parts_3",
        "hc-launch": "hc-launch_3",
        "hc-scaffold": "hc-scaffold_3",
        "holochain": "holochain_3",
        "kitsune2": "kitsune2_3",
        "lair-keystore": "lair-keystore_3",
        "nixpkgs": "nixpkgs_3",
        "rust-overlay": "rust-overlay_3"
      },
      "locked": {
        "lastModified": 1745528400,
        "narHash": "sha256-ib7J80DCrkpHJURr6tzCFNvd1r1AGLmIcXRE2KgPlZ8=",
        "owner": "holochain",
        "repo": "holonix",
        "rev": "e58130a30f056d17c585e660dc5ee6ff9be19b73",
        "type": "github"
      },
      "original": {
        "owner": "holochain",
        "ref": "main-0.5",
        "repo": "holonix",
        "type": "github"
      }
    },
    "holonix_4": {
      "inputs": {
        "crane": "crane_4",
        "flake-parts": "flake-parts_4",
        "hc-launch": "hc-launch_4",
        "hc-scaffold": "hc-scaffold_4",
        "holochain": "holochain_4",
        "kitsune2": "kitsune2_4",
        "lair-keystore": "lair-keystore_4",
        "nixpkgs": "nixpkgs_4",
        "rust-overlay": "rust-overlay_4"
      },
      "locked": {
        "lastModified": 1745528400,
        "narHash": "sha256-ib7J80DCrkpHJURr6tzCFNvd1r1AGLmIcXRE2KgPlZ8=",
        "owner": "holochain",
        "repo": "holonix",
        "rev": "e58130a30f056d17c585e660dc5ee6ff9be19b73",
        "type": "github"
      },
      "original": {
        "owner": "holochain",
        "ref": "main-0.5",
        "repo": "holonix",
        "type": "github"
      }
    },
    "holonix_5": {
      "inputs": {
        "crane": "crane_5",
        "flake-parts": "flake-parts_5",
        "hc-launch": "hc-launch_5",
        "hc-scaffold": "hc-scaffold_5",
        "holochain": "holochain_5",
        "kitsune2": "kitsune2_5",
        "lair-keystore": "lair-keystore_5",
        "nixpkgs": "nixpkgs_5",
        "rust-overlay": "rust-overlay_5"
      },
      "locked": {
        "lastModified": 1745528400,
        "narHash": "sha256-ib7J80DCrkpHJURr6tzCFNvd1r1AGLmIcXRE2KgPlZ8=",
        "owner": "holochain",
        "repo": "holonix",
        "rev": "e58130a30f056d17c585e660dc5ee6ff9be19b73",
        "type": "github"
      },
      "original": {
        "owner": "holochain",
        "ref": "main-0.5",
        "repo": "holonix",
        "type": "github"
      }
    },
    "kitsune2": {
      "flake": false,
      "locked": {
        "lastModified": 1744924693,
        "narHash": "sha256-d34dVCOXxTOR6bwLLIifD/lNAz90rmrjggUJ6uN+yV0=",
        "owner": "holochain",
        "repo": "kitsune2",
        "rev": "08ef58471ba0a4e3982ff13c5a41ce3cfbcadacd",
        "type": "github"
      },
      "original": {
        "owner": "holochain",
        "ref": "v0.1.5",
        "repo": "kitsune2",
        "type": "github"
      }
    },
    "kitsune2_2": {
      "flake": false,
      "locked": {
        "lastModified": 1744924693,
        "narHash": "sha256-d34dVCOXxTOR6bwLLIifD/lNAz90rmrjggUJ6uN+yV0=",
        "owner": "holochain",
        "repo": "kitsune2",
        "rev": "08ef58471ba0a4e3982ff13c5a41ce3cfbcadacd",
        "type": "github"
      },
      "original": {
        "owner": "holochain",
        "ref": "v0.1.5",
        "repo": "kitsune2",
        "type": "github"
      }
    },
    "kitsune2_3": {
      "flake": false,
      "locked": {
        "lastModified": 1744924693,
        "narHash": "sha256-d34dVCOXxTOR6bwLLIifD/lNAz90rmrjggUJ6uN+yV0=",
        "owner": "holochain",
        "repo": "kitsune2",
        "rev": "08ef58471ba0a4e3982ff13c5a41ce3cfbcadacd",
        "type": "github"
      },
      "original": {
        "owner": "holochain",
        "ref": "v0.1.5",
        "repo": "kitsune2",
        "type": "github"
      }
    },
    "kitsune2_4": {
      "flake": false,
      "locked": {
        "lastModified": 1744924693,
        "narHash": "sha256-d34dVCOXxTOR6bwLLIifD/lNAz90rmrjggUJ6uN+yV0=",
        "owner": "holochain",
        "repo": "kitsune2",
        "rev": "08ef58471ba0a4e3982ff13c5a41ce3cfbcadacd",
        "type": "github"
      },
      "original": {
        "owner": "holochain",
        "ref": "v0.1.5",
        "repo": "kitsune2",
        "type": "github"
      }
    },
    "kitsune2_5": {
      "flake": false,
      "locked": {
        "lastModified": 1744924693,
        "narHash": "sha256-d34dVCOXxTOR6bwLLIifD/lNAz90rmrjggUJ6uN+yV0=",
        "owner": "holochain",
        "repo": "kitsune2",
        "rev": "08ef58471ba0a4e3982ff13c5a41ce3cfbcadacd",
        "type": "github"
      },
      "original": {
        "owner": "holochain",
        "ref": "v0.1.5",
        "repo": "kitsune2",
        "type": "github"
      }
    },
    "lair-keystore": {
      "flake": false,
      "locked": {
        "lastModified": 1743699319,
        "narHash": "sha256-TUOS38v5ibCbpVqWWy64p0apeb8QcLdRX4xzHAdtvLA=",
        "owner": "holochain",
        "repo": "lair",
        "rev": "23cd5d1fc9cb1c5bec01621aeef8acae3ce333a6",
        "type": "github"
      },
      "original": {
        "owner": "holochain",
        "ref": "lair_keystore-v0.6.1",
        "repo": "lair",
        "type": "github"
      }
    },
    "lair-keystore_2": {
      "flake": false,
      "locked": {
        "lastModified": 1743699319,
        "narHash": "sha256-TUOS38v5ibCbpVqWWy64p0apeb8QcLdRX4xzHAdtvLA=",
        "owner": "holochain",
        "repo": "lair",
        "rev": "23cd5d1fc9cb1c5bec01621aeef8acae3ce333a6",
        "type": "github"
      },
      "original": {
        "owner": "holochain",
        "ref": "lair_keystore-v0.6.1",
        "repo": "lair",
        "type": "github"
      }
    },
    "lair-keystore_3": {
      "flake": false,
      "locked": {
        "lastModified": 1743699319,
        "narHash": "sha256-TUOS38v5ibCbpVqWWy64p0apeb8QcLdRX4xzHAdtvLA=",
        "owner": "holochain",
        "repo": "lair",
        "rev": "23cd5d1fc9cb1c5bec01621aeef8acae3ce333a6",
        "type": "github"
      },
      "original": {
        "owner": "holochain",
        "ref": "lair_keystore-v0.6.1",
        "repo": "lair",
        "type": "github"
      }
    },
    "lair-keystore_4": {
      "flake": false,
      "locked": {
        "lastModified": 1743699319,
        "narHash": "sha256-TUOS38v5ibCbpVqWWy64p0apeb8QcLdRX4xzHAdtvLA=",
        "owner": "holochain",
        "repo": "lair",
        "rev": "23cd5d1fc9cb1c5bec01621aeef8acae3ce333a6",
        "type": "github"
      },
      "original": {
        "owner": "holochain",
        "ref": "lair_keystore-v0.6.1",
        "repo": "lair",
        "type": "github"
      }
    },
    "lair-keystore_5": {
      "flake": false,
      "locked": {
        "lastModified": 1743699319,
        "narHash": "sha256-TUOS38v5ibCbpVqWWy64p0apeb8QcLdRX4xzHAdtvLA=",
        "owner": "holochain",
        "repo": "lair",
        "rev": "23cd5d1fc9cb1c5bec01621aeef8acae3ce333a6",
        "type": "github"
      },
      "original": {
        "owner": "holochain",
        "ref": "lair_keystore-v0.6.1",
        "repo": "lair",
        "type": "github"
      }
    },
    "nixpkgs": {
      "locked": {
        "lastModified": 1745279238,
        "narHash": "sha256-AQ7M9wTa/Pa/kK5pcGTgX/DGqMHyzsyINfN7ktsI7Fo=",
        "owner": "nixos",
        "repo": "nixpkgs",
        "rev": "9684b53175fc6c09581e94cc85f05ab77464c7e3",
        "type": "github"
      },
      "original": {
        "owner": "nixos",
        "ref": "nixos-24.11",
        "repo": "nixpkgs",
        "type": "github"
      }
    },
    "nixpkgs-lib": {
      "locked": {
        "lastModified": 1743296961,
        "narHash": "sha256-b1EdN3cULCqtorQ4QeWgLMrd5ZGOjLSLemfa00heasc=",
        "owner": "nix-community",
        "repo": "nixpkgs.lib",
        "rev": "e4822aea2a6d1cdd36653c134cacfd64c97ff4fa",
        "type": "github"
      },
      "original": {
        "owner": "nix-community",
        "repo": "nixpkgs.lib",
        "type": "github"
      }
    },
    "nixpkgs-lib_2": {
      "locked": {
        "lastModified": 1743296961,
        "narHash": "sha256-b1EdN3cULCqtorQ4QeWgLMrd5ZGOjLSLemfa00heasc=",
        "owner": "nix-community",
        "repo": "nixpkgs.lib",
        "rev": "e4822aea2a6d1cdd36653c134cacfd64c97ff4fa",
        "type": "github"
      },
      "original": {
        "owner": "nix-community",
        "repo": "nixpkgs.lib",
        "type": "github"
      }
    },
    "nixpkgs-lib_3": {
      "locked": {
        "lastModified": 1743296961,
        "narHash": "sha256-b1EdN3cULCqtorQ4QeWgLMrd5ZGOjLSLemfa00heasc=",
        "owner": "nix-community",
        "repo": "nixpkgs.lib",
        "rev": "e4822aea2a6d1cdd36653c134cacfd64c97ff4fa",
        "type": "github"
      },
      "original": {
        "owner": "nix-community",
        "repo": "nixpkgs.lib",
        "type": "github"
      }
    },
    "nixpkgs-lib_4": {
      "locked": {
        "lastModified": 1743296961,
        "narHash": "sha256-b1EdN3cULCqtorQ4QeWgLMrd5ZGOjLSLemfa00heasc=",
        "owner": "nix-community",
        "repo": "nixpkgs.lib",
        "rev": "e4822aea2a6d1cdd36653c134cacfd64c97ff4fa",
        "type": "github"
      },
      "original": {
        "owner": "nix-community",
        "repo": "nixpkgs.lib",
        "type": "github"
      }
    },
    "nixpkgs-lib_5": {
      "locked": {
        "lastModified": 1743296961,
        "narHash": "sha256-b1EdN3cULCqtorQ4QeWgLMrd5ZGOjLSLemfa00heasc=",
        "owner": "nix-community",
        "repo": "nixpkgs.lib",
        "rev": "e4822aea2a6d1cdd36653c134cacfd64c97ff4fa",
        "type": "github"
      },
      "original": {
        "owner": "nix-community",
        "repo": "nixpkgs.lib",
        "type": "github"
      }
    },
    "nixpkgs_2": {
      "locked": {
        "lastModified": 1745279238,
        "narHash": "sha256-AQ7M9wTa/Pa/kK5pcGTgX/DGqMHyzsyINfN7ktsI7Fo=",
        "owner": "nixos",
        "repo": "nixpkgs",
        "rev": "9684b53175fc6c09581e94cc85f05ab77464c7e3",
        "type": "github"
      },
      "original": {
        "owner": "nixos",
        "ref": "nixos-24.11",
        "repo": "nixpkgs",
        "type": "github"
      }
    },
    "nixpkgs_3": {
      "locked": {
        "lastModified": 1745279238,
        "narHash": "sha256-AQ7M9wTa/Pa/kK5pcGTgX/DGqMHyzsyINfN7ktsI7Fo=",
        "owner": "nixos",
        "repo": "nixpkgs",
        "rev": "9684b53175fc6c09581e94cc85f05ab77464c7e3",
        "type": "github"
      },
      "original": {
        "owner": "nixos",
        "ref": "nixos-24.11",
        "repo": "nixpkgs",
        "type": "github"
      }
    },
    "nixpkgs_4": {
      "locked": {
        "lastModified": 1745279238,
        "narHash": "sha256-AQ7M9wTa/Pa/kK5pcGTgX/DGqMHyzsyINfN7ktsI7Fo=",
        "owner": "nixos",
        "repo": "nixpkgs",
        "rev": "9684b53175fc6c09581e94cc85f05ab77464c7e3",
        "type": "github"
      },
      "original": {
        "owner": "nixos",
        "ref": "nixos-24.11",
        "repo": "nixpkgs",
        "type": "github"
      }
    },
    "nixpkgs_5": {
      "locked": {
        "lastModified": 1745279238,
        "narHash": "sha256-AQ7M9wTa/Pa/kK5pcGTgX/DGqMHyzsyINfN7ktsI7Fo=",
        "owner": "nixos",
        "repo": "nixpkgs",
        "rev": "9684b53175fc6c09581e94cc85f05ab77464c7e3",
        "type": "github"
      },
      "original": {
        "owner": "nixos",
        "ref": "nixos-24.11",
        "repo": "nixpkgs",
        "type": "github"
      }
    },
    "p2p-shipyard": {
      "inputs": {
        "crane": [
          "p2p-shipyard",
          "holonix",
          "crane"
        ],
        "gonixpkgs": "gonixpkgs",
        "holochain-nix-builders": "holochain-nix-builders",
        "holonix": "holonix_3",
        "nixpkgs": [
          "p2p-shipyard",
          "holonix",
          "nixpkgs"
        ],
        "rust-overlay": [
          "p2p-shipyard",
          "holonix",
          "rust-overlay"
        ],
        "scaffolding": "scaffolding"
      },
      "locked": {
        "lastModified": 0,
        "narHash": "sha256-5rXh9dIR9F8VYgYGOYmp8eocVpNO0l8+bJied+qagEQ=",
        "path": "../..",
        "type": "path"
      },
      "original": {
        "path": "../..",
        "type": "path"
      }
    },
    "root": {
      "inputs": {
        "flake-parts": [
          "holonix",
          "flake-parts"
        ],
        "holonix": "holonix",
        "nixpkgs": [
          "holonix",
          "nixpkgs"
        ],
        "p2p-shipyard": "p2p-shipyard"
      }
    },
    "rust-overlay": {
      "inputs": {
        "nixpkgs": [
          "holonix",
          "nixpkgs"
        ]
      },
      "locked": {
        "lastModified": 1745462120,
        "narHash": "sha256-TbVjPOl+Cg5vZ7TIn1KpQ8SOfHKD6OEgu84b6YSCfKE=",
        "owner": "oxalica",
        "repo": "rust-overlay",
        "rev": "79d3acd1a7e67fb9315fa5c5556eb6adf93dc2da",
        "type": "github"
      },
      "original": {
        "owner": "oxalica",
        "repo": "rust-overlay",
        "type": "github"
      }
    },
    "rust-overlay_2": {
      "inputs": {
        "nixpkgs": [
          "p2p-shipyard",
          "holochain-nix-builders",
          "holonix",
          "nixpkgs"
        ]
      },
      "locked": {
        "lastModified": 1745462120,
        "narHash": "sha256-TbVjPOl+Cg5vZ7TIn1KpQ8SOfHKD6OEgu84b6YSCfKE=",
        "owner": "oxalica",
        "repo": "rust-overlay",
        "rev": "79d3acd1a7e67fb9315fa5c5556eb6adf93dc2da",
        "type": "github"
      },
      "original": {
        "owner": "oxalica",
        "repo": "rust-overlay",
        "type": "github"
      }
    },
    "rust-overlay_3": {
      "inputs": {
        "nixpkgs": [
          "p2p-shipyard",
          "holonix",
          "nixpkgs"
        ]
      },
      "locked": {
        "lastModified": 1745462120,
        "narHash": "sha256-TbVjPOl+Cg5vZ7TIn1KpQ8SOfHKD6OEgu84b6YSCfKE=",
        "owner": "oxalica",
        "repo": "rust-overlay",
        "rev": "79d3acd1a7e67fb9315fa5c5556eb6adf93dc2da",
        "type": "github"
      },
      "original": {
        "owner": "oxalica",
        "repo": "rust-overlay",
        "type": "github"
      }
    },
    "rust-overlay_4": {
      "inputs": {
        "nixpkgs": [
          "p2p-shipyard",
          "scaffolding",
          "holochain-nix-builders",
          "holonix",
          "nixpkgs"
        ]
      },
      "locked": {
        "lastModified": 1745462120,
        "narHash": "sha256-TbVjPOl+Cg5vZ7TIn1KpQ8SOfHKD6OEgu84b6YSCfKE=",
        "owner": "oxalica",
        "repo": "rust-overlay",
        "rev": "79d3acd1a7e67fb9315fa5c5556eb6adf93dc2da",
        "type": "github"
      },
      "original": {
        "owner": "oxalica",
        "repo": "rust-overlay",
        "type": "github"
      }
    },
    "rust-overlay_5": {
      "inputs": {
        "nixpkgs": [
          "p2p-shipyard",
          "scaffolding",
          "holonix",
          "nixpkgs"
        ]
      },
      "locked": {
        "lastModified": 1745462120,
        "narHash": "sha256-TbVjPOl+Cg5vZ7TIn1KpQ8SOfHKD6OEgu84b6YSCfKE=",
        "owner": "oxalica",
        "repo": "rust-overlay",
        "rev": "79d3acd1a7e67fb9315fa5c5556eb6adf93dc2da",
        "type": "github"
      },
      "original": {
        "owner": "oxalica",
        "repo": "rust-overlay",
        "type": "github"
      }
    },
    "scaffolding": {
      "inputs": {
        "crane": [
          "p2p-shipyard",
          "scaffolding",
          "holonix",
          "crane"
        ],
        "holochain-nix-builders": "holochain-nix-builders_2",
        "holonix": "holonix_5",
        "nixpkgs": [
          "p2p-shipyard",
          "scaffolding",
          "holonix",
          "nixpkgs"
        ],
        "rust-overlay": [
          "p2p-shipyard",
          "scaffolding",
          "holonix",
          "rust-overlay"
        ]
      },
      "locked": {
        "lastModified": 1746180982,
        "narHash": "sha256-DAQGPOSYr8AHv146juGmXfx3uXbL3RYCpxafYNTdc/c=",
        "owner": "darksoil-studio",
        "repo": "scaffolding",
        "rev": "cbf72be4746a8e0233521847a4233f7321ed2441",
        "type": "github"
      },
      "original": {
        "owner": "darksoil-studio",
        "ref": "main-0.5",
        "repo": "scaffolding",
        "type": "github"
      }
    }
  },
  "root": "root",
  "version": 7
}
